// !$*UTF8*$!
{
	archiveVersion = 1;
	classes = {
	};
	objectVersion = 50;
	objects = {

/* Begin PBXBuildFile section */
		32E3F58F24C2CC6100D7A029 /* AppDelegate.swift in Sources */ = {isa = PBXBuildFile; fileRef = 32E3F58E24C2CC6100D7A029 /* AppDelegate.swift */; };
		32E3F59124C2CC6100D7A029 /* SceneDelegate.swift in Sources */ = {isa = PBXBuildFile; fileRef = 32E3F59024C2CC6100D7A029 /* SceneDelegate.swift */; };
		32E3F59324C2CC6100D7A029 /* ViewController.swift in Sources */ = {isa = PBXBuildFile; fileRef = 32E3F59224C2CC6100D7A029 /* ViewController.swift */; };
		32E3F59624C2CC6100D7A029 /* Main.storyboard in Resources */ = {isa = PBXBuildFile; fileRef = 32E3F59424C2CC6100D7A029 /* Main.storyboard */; };
		32E3F59824C2CC6700D7A029 /* Assets.xcassets in Resources */ = {isa = PBXBuildFile; fileRef = 32E3F59724C2CC6700D7A029 /* Assets.xcassets */; };
		32E3F59B24C2CC6800D7A029 /* LaunchScreen.storyboard in Resources */ = {isa = PBXBuildFile; fileRef = 32E3F59924C2CC6800D7A029 /* LaunchScreen.storyboard */; };
		32E3F5A624C2CC6800D7A029 /* Demo3Tests.swift in Sources */ = {isa = PBXBuildFile; fileRef = 32E3F5A524C2CC6800D7A029 /* Demo3Tests.swift */; };
		32E3F5B124C2CC6800D7A029 /* Demo3UITests.swift in Sources */ = {isa = PBXBuildFile; fileRef = 32E3F5B024C2CC6800D7A029 /* Demo3UITests.swift */; };
/* End PBXBuildFile section */

/* Begin PBXContainerItemProxy section */
		32E3F5A224C2CC6800D7A029 /* PBXContainerItemProxy */ = {
			isa = PBXContainerItemProxy;
			containerPortal = 32E3F58324C2CC6100D7A029 /* Project object */;
			proxyType = 1;
			remoteGlobalIDString = 32E3F58A24C2CC6100D7A029;
			remoteInfo = Demo3;
		};
		32E3F5AD24C2CC6800D7A029 /* PBXContainerItemProxy */ = {
			isa = PBXContainerItemProxy;
			containerPortal = 32E3F58324C2CC6100D7A029 /* Project object */;
			proxyType = 1;
			remoteGlobalIDString = 32E3F58A24C2CC6100D7A029;
			remoteInfo = Demo3;
		};
/* End PBXContainerItemProxy section */

/* Begin PBXFileReference section */
		32E3F58B24C2CC6100D7A029 /* Demo3.app */ = {isa = PBXFileReference; explicitFileType = wrapper.application; includeInIndex = 0; path = Demo3.app; sourceTree = BUILT_PRODUCTS_DIR; };
		32E3F58E24C2CC6100D7A029 /* AppDelegate.swift */ = {isa = PBXFileReference; lastKnownFileType = sourcecode.swift; path = AppDelegate.swift; sourceTree = "<group>"; };
		32E3F59024C2CC6100D7A029 /* SceneDelegate.swift */ = {isa = PBXFileReference; lastKnownFileType = sourcecode.swift; path = SceneDelegate.swift; sourceTree = "<group>"; };
		32E3F59224C2CC6100D7A029 /* ViewController.swift */ = {isa = PBXFileReference; lastKnownFileType = sourcecode.swift; path = ViewController.swift; sourceTree = "<group>"; };
		32E3F59524C2CC6100D7A029 /* Base */ = {isa = PBXFileReference; lastKnownFileType = file.storyboard; name = Base; path = Base.lproj/Main.storyboard; sourceTree = "<group>"; };
		32E3F59724C2CC6700D7A029 /* Assets.xcassets */ = {isa = PBXFileReference; lastKnownFileType = folder.assetcatalog; path = Assets.xcassets; sourceTree = "<group>"; };
		32E3F59A24C2CC6800D7A029 /* Base */ = {isa = PBXFileReference; lastKnownFileType = file.storyboard; name = Base; path = Base.lproj/LaunchScreen.storyboard; sourceTree = "<group>"; };
		32E3F59C24C2CC6800D7A029 /* Info.plist */ = {isa = PBXFileReference; lastKnownFileType = text.plist.xml; path = Info.plist; sourceTree = "<group>"; };
		32E3F5A124C2CC6800D7A029 /* Demo3Tests.xctest */ = {isa = PBXFileReference; explicitFileType = wrapper.cfbundle; includeInIndex = 0; path = Demo3Tests.xctest; sourceTree = BUILT_PRODUCTS_DIR; };
		32E3F5A524C2CC6800D7A029 /* Demo3Tests.swift */ = {isa = PBXFileReference; lastKnownFileType = sourcecode.swift; path = Demo3Tests.swift; sourceTree = "<group>"; };
		32E3F5A724C2CC6800D7A029 /* Info.plist */ = {isa = PBXFileReference; lastKnownFileType = text.plist.xml; path = Info.plist; sourceTree = "<group>"; };
		32E3F5AC24C2CC6800D7A029 /* Demo3UITests.xctest */ = {isa = PBXFileReference; explicitFileType = wrapper.cfbundle; includeInIndex = 0; path = Demo3UITests.xctest; sourceTree = BUILT_PRODUCTS_DIR; };
		32E3F5B024C2CC6800D7A029 /* Demo3UITests.swift */ = {isa = PBXFileReference; lastKnownFileType = sourcecode.swift; path = Demo3UITests.swift; sourceTree = "<group>"; };
		32E3F5B224C2CC6800D7A029 /* Info.plist */ = {isa = PBXFileReference; lastKnownFileType = text.plist.xml; path = Info.plist; sourceTree = "<group>"; };
/* End PBXFileReference section */

/* Begin PBXFrameworksBuildPhase section */
		32E3F58824C2CC6100D7A029 /* Frameworks */ = {
			isa = PBXFrameworksBuildPhase;
			buildActionMask = 2147483647;
			files = (
			);
			runOnlyForDeploymentPostprocessing = 0;
		};
		32E3F59E24C2CC6800D7A029 /* Frameworks */ = {
			isa = PBXFrameworksBuildPhase;
			buildActionMask = 2147483647;
			files = (
			);
			runOnlyForDeploymentPostprocessing = 0;
		};
		32E3F5A924C2CC6800D7A029 /* Frameworks */ = {
			isa = PBXFrameworksBuildPhase;
			buildActionMask = 2147483647;
			files = (
			);
			runOnlyForDeploymentPostprocessing = 0;
		};
/* End PBXFrameworksBuildPhase section */

/* Begin PBXGroup section */
		32E3F58224C2CC6100D7A029 = {
			isa = PBXGroup;
			children = (
				32E3F58D24C2CC6100D7A029 /* Demo3 */,
				32E3F5A424C2CC6800D7A029 /* Demo3Tests */,
				32E3F5AF24C2CC6800D7A029 /* Demo3UITests */,
				32E3F58C24C2CC6100D7A029 /* Products */,
			);
			sourceTree = "<group>";
		};
		32E3F58C24C2CC6100D7A029 /* Products */ = {
			isa = PBXGroup;
			children = (
				32E3F58B24C2CC6100D7A029 /* Demo3.app */,
				32E3F5A124C2CC6800D7A029 /* Demo3Tests.xctest */,
				32E3F5AC24C2CC6800D7A029 /* Demo3UITests.xctest */,
			);
			name = Products;
			sourceTree = "<group>";
		};
		32E3F58D24C2CC6100D7A029 /* Demo3 */ = {
			isa = PBXGroup;
			children = (
				32E3F58E24C2CC6100D7A029 /* AppDelegate.swift */,
				32E3F59024C2CC6100D7A029 /* SceneDelegate.swift */,
				32E3F59224C2CC6100D7A029 /* ViewController.swift */,
				32E3F59424C2CC6100D7A029 /* Main.storyboard */,
				32E3F59724C2CC6700D7A029 /* Assets.xcassets */,
				32E3F59924C2CC6800D7A029 /* LaunchScreen.storyboard */,
				32E3F59C24C2CC6800D7A029 /* Info.plist */,
			);
			path = Demo3;
			sourceTree = "<group>";
		};
		32E3F5A424C2CC6800D7A029 /* Demo3Tests */ = {
			isa = PBXGroup;
			children = (
				32E3F5A524C2CC6800D7A029 /* Demo3Tests.swift */,
				32E3F5A724C2CC6800D7A029 /* Info.plist */,
			);
			path = Demo3Tests;
			sourceTree = "<group>";
		};
		32E3F5AF24C2CC6800D7A029 /* Demo3UITests */ = {
			isa = PBXGroup;
			children = (
				32E3F5B024C2CC6800D7A029 /* Demo3UITests.swift */,
				32E3F5B224C2CC6800D7A029 /* Info.plist */,
			);
			path = Demo3UITests;
			sourceTree = "<group>";
		};
/* End PBXGroup section */

/* Begin PBXNativeTarget section */
		32E3F58A24C2CC6100D7A029 /* Demo3 */ = {
			isa = PBXNativeTarget;
			buildConfigurationList = 32E3F5B524C2CC6800D7A029 /* Build configuration list for PBXNativeTarget "Demo3" */;
			buildPhases = (
				32E3F58724C2CC6100D7A029 /* Sources */,
				32E3F58824C2CC6100D7A029 /* Frameworks */,
				32E3F58924C2CC6100D7A029 /* Resources */,
			);
			buildRules = (
			);
			dependencies = (
			);
			name = Demo3;
			productName = Demo3;
			productReference = 32E3F58B24C2CC6100D7A029 /* Demo3.app */;
			productType = "com.apple.product-type.application";
		};
		32E3F5A024C2CC6800D7A029 /* Demo3Tests */ = {
			isa = PBXNativeTarget;
			buildConfigurationList = 32E3F5B824C2CC6800D7A029 /* Build configuration list for PBXNativeTarget "Demo3Tests" */;
			buildPhases = (
				32E3F59D24C2CC6800D7A029 /* Sources */,
				32E3F59E24C2CC6800D7A029 /* Frameworks */,
				32E3F59F24C2CC6800D7A029 /* Resources */,
			);
			buildRules = (
			);
			dependencies = (
				32E3F5A324C2CC6800D7A029 /* PBXTargetDependency */,
			);
			name = Demo3Tests;
			productName = Demo3Tests;
			productReference = 32E3F5A124C2CC6800D7A029 /* Demo3Tests.xctest */;
			productType = "com.apple.product-type.bundle.unit-test";
		};
		32E3F5AB24C2CC6800D7A029 /* Demo3UITests */ = {
			isa = PBXNativeTarget;
			buildConfigurationList = 32E3F5BB24C2CC6800D7A029 /* Build configuration list for PBXNativeTarget "Demo3UITests" */;
			buildPhases = (
				32E3F5A824C2CC6800D7A029 /* Sources */,
				32E3F5A924C2CC6800D7A029 /* Frameworks */,
				32E3F5AA24C2CC6800D7A029 /* Resources */,
			);
			buildRules = (
			);
			dependencies = (
				32E3F5AE24C2CC6800D7A029 /* PBXTargetDependency */,
			);
			name = Demo3UITests;
			productName = Demo3UITests;
			productReference = 32E3F5AC24C2CC6800D7A029 /* Demo3UITests.xctest */;
			productType = "com.apple.product-type.bundle.ui-testing";
		};
/* End PBXNativeTarget section */

/* Begin PBXProject section */
		32E3F58324C2CC6100D7A029 /* Project object */ = {
			isa = PBXProject;
			attributes = {
				LastSwiftUpdateCheck = 1200;
				LastUpgradeCheck = 1200;
				TargetAttributes = {
					32E3F58A24C2CC6100D7A029 = {
						CreatedOnToolsVersion = 12.0;
					};
					32E3F5A024C2CC6800D7A029 = {
						CreatedOnToolsVersion = 12.0;
						TestTargetID = 32E3F58A24C2CC6100D7A029;
					};
					32E3F5AB24C2CC6800D7A029 = {
						CreatedOnToolsVersion = 12.0;
						TestTargetID = 32E3F58A24C2CC6100D7A029;
					};
				};
			};
			buildConfigurationList = 32E3F58624C2CC6100D7A029 /* Build configuration list for PBXProject "Demo3" */;
			compatibilityVersion = "Xcode 9.3";
			developmentRegion = en;
			hasScannedForEncodings = 0;
			knownRegions = (
				en,
				Base,
			);
			mainGroup = 32E3F58224C2CC6100D7A029;
			productRefGroup = 32E3F58C24C2CC6100D7A029 /* Products */;
			projectDirPath = "";
			projectRoot = "";
			targets = (
				32E3F58A24C2CC6100D7A029 /* Demo3 */,
				32E3F5A024C2CC6800D7A029 /* Demo3Tests */,
				32E3F5AB24C2CC6800D7A029 /* Demo3UITests */,
			);
		};
/* End PBXProject section */

/* Begin PBXResourcesBuildPhase section */
		32E3F58924C2CC6100D7A029 /* Resources */ = {
			isa = PBXResourcesBuildPhase;
			buildActionMask = 2147483647;
			files = (
				32E3F59B24C2CC6800D7A029 /* LaunchScreen.storyboard in Resources */,
				32E3F59824C2CC6700D7A029 /* Assets.xcassets in Resources */,
				32E3F59624C2CC6100D7A029 /* Main.storyboard in Resources */,
			);
			runOnlyForDeploymentPostprocessing = 0;
		};
		32E3F59F24C2CC6800D7A029 /* Resources */ = {
			isa = PBXResourcesBuildPhase;
			buildActionMask = 2147483647;
			files = (
			);
			runOnlyForDeploymentPostprocessing = 0;
		};
		32E3F5AA24C2CC6800D7A029 /* Resources */ = {
			isa = PBXResourcesBuildPhase;
			buildActionMask = 2147483647;
			files = (
			);
			runOnlyForDeploymentPostprocessing = 0;
		};
/* End PBXResourcesBuildPhase section */

/* Begin PBXSourcesBuildPhase section */
		32E3F58724C2CC6100D7A029 /* Sources */ = {
			isa = PBXSourcesBuildPhase;
			buildActionMask = 2147483647;
			files = (
				32E3F59324C2CC6100D7A029 /* ViewController.swift in Sources */,
				32E3F58F24C2CC6100D7A029 /* AppDelegate.swift in Sources */,
				32E3F59124C2CC6100D7A029 /* SceneDelegate.swift in Sources */,
			);
			runOnlyForDeploymentPostprocessing = 0;
		};
		32E3F59D24C2CC6800D7A029 /* Sources */ = {
			isa = PBXSourcesBuildPhase;
			buildActionMask = 2147483647;
			files = (
				32E3F5A624C2CC6800D7A029 /* Demo3Tests.swift in Sources */,
			);
			runOnlyForDeploymentPostprocessing = 0;
		};
		32E3F5A824C2CC6800D7A029 /* Sources */ = {
			isa = PBXSourcesBuildPhase;
			buildActionMask = 2147483647;
			files = (
				32E3F5B124C2CC6800D7A029 /* Demo3UITests.swift in Sources */,
			);
			runOnlyForDeploymentPostprocessing = 0;
		};
/* End PBXSourcesBuildPhase section */

/* Begin PBXTargetDependency section */
		32E3F5A324C2CC6800D7A029 /* PBXTargetDependency */ = {
			isa = PBXTargetDependency;
			target = 32E3F58A24C2CC6100D7A029 /* Demo3 */;
			targetProxy = 32E3F5A224C2CC6800D7A029 /* PBXContainerItemProxy */;
		};
		32E3F5AE24C2CC6800D7A029 /* PBXTargetDependency */ = {
			isa = PBXTargetDependency;
			target = 32E3F58A24C2CC6100D7A029 /* Demo3 */;
			targetProxy = 32E3F5AD24C2CC6800D7A029 /* PBXContainerItemProxy */;
		};
/* End PBXTargetDependency section */

/* Begin PBXVariantGroup section */
		32E3F59424C2CC6100D7A029 /* Main.storyboard */ = {
			isa = PBXVariantGroup;
			children = (
				32E3F59524C2CC6100D7A029 /* Base */,
			);
			name = Main.storyboard;
			sourceTree = "<group>";
		};
		32E3F59924C2CC6800D7A029 /* LaunchScreen.storyboard */ = {
			isa = PBXVariantGroup;
			children = (
				32E3F59A24C2CC6800D7A029 /* Base */,
			);
			name = LaunchScreen.storyboard;
			sourceTree = "<group>";
		};
/* End PBXVariantGroup section */

/* Begin XCBuildConfiguration section */
		32E3F5B324C2CC6800D7A029 /* Debug */ = {
			isa = XCBuildConfiguration;
			buildSettings = {
				ALWAYS_SEARCH_USER_PATHS = NO;
				CLANG_ANALYZER_NONNULL = YES;
				CLANG_ANALYZER_NUMBER_OBJECT_CONVERSION = YES_AGGRESSIVE;
				CLANG_CXX_LANGUAGE_STANDARD = "gnu++14";
				CLANG_CXX_LIBRARY = "libc++";
				CLANG_ENABLE_MODULES = YES;
				CLANG_ENABLE_OBJC_ARC = YES;
				CLANG_ENABLE_OBJC_WEAK = YES;
				CLANG_WARN_BLOCK_CAPTURE_AUTORELEASING = YES;
				CLANG_WARN_BOOL_CONVERSION = YES;
				CLANG_WARN_COMMA = YES;
				CLANG_WARN_CONSTANT_CONVERSION = YES;
				CLANG_WARN_DEPRECATED_OBJC_IMPLEMENTATIONS = YES;
				CLANG_WARN_DIRECT_OBJC_ISA_USAGE = YES_ERROR;
				CLANG_WARN_DOCUMENTATION_COMMENTS = YES;
				CLANG_WARN_EMPTY_BODY = YES;
				CLANG_WARN_ENUM_CONVERSION = YES;
				CLANG_WARN_INFINITE_RECURSION = YES;
				CLANG_WARN_INT_CONVERSION = YES;
				CLANG_WARN_NON_LITERAL_NULL_CONVERSION = YES;
				CLANG_WARN_OBJC_IMPLICIT_RETAIN_SELF = YES;
				CLANG_WARN_OBJC_LITERAL_CONVERSION = YES;
				CLANG_WARN_OBJC_ROOT_CLASS = YES_ERROR;
				CLANG_WARN_QUOTED_INCLUDE_IN_FRAMEWORK_HEADER = YES;
				CLANG_WARN_RANGE_LOOP_ANALYSIS = YES;
				CLANG_WARN_STRICT_PROTOTYPES = YES;
				CLANG_WARN_SUSPICIOUS_MOVE = YES;
				CLANG_WARN_UNGUARDED_AVAILABILITY = YES_AGGRESSIVE;
				CLANG_WARN_UNREACHABLE_CODE = YES;
				CLANG_WARN__DUPLICATE_METHOD_MATCH = YES;
				COPY_PHASE_STRIP = NO;
				DEBUG_INFORMATION_FORMAT = dwarf;
				ENABLE_STRICT_OBJC_MSGSEND = YES;
				ENABLE_TESTABILITY = YES;
				GCC_C_LANGUAGE_STANDARD = gnu11;
				GCC_DYNAMIC_NO_PIC = NO;
				GCC_NO_COMMON_BLOCKS = YES;
				GCC_OPTIMIZATION_LEVEL = 0;
				GCC_PREPROCESSOR_DEFINITIONS = (
					"DEBUG=1",
					"$(inherited)",
				);
				GCC_WARN_64_TO_32_BIT_CONVERSION = YES;
				GCC_WARN_ABOUT_RETURN_TYPE = YES_ERROR;
				GCC_WARN_UNDECLARED_SELECTOR = YES;
				GCC_WARN_UNINITIALIZED_AUTOS = YES_AGGRESSIVE;
				GCC_WARN_UNUSED_FUNCTION = YES;
				GCC_WARN_UNUSED_VARIABLE = YES;
				IPHONEOS_DEPLOYMENT_TARGET = 14.0;
				MTL_ENABLE_DEBUG_INFO = INCLUDE_SOURCE;
				MTL_FAST_MATH = YES;
				ONLY_ACTIVE_ARCH = YES;
				SDKROOT = iphoneos;
				SWIFT_ACTIVE_COMPILATION_CONDITIONS = DEBUG;
				SWIFT_OPTIMIZATION_LEVEL = "-Onone";
			};
			name = Debug;
		};
		32E3F5B424C2CC6800D7A029 /* Release */ = {
			isa = XCBuildConfiguration;
			buildSettings = {
				ALWAYS_SEARCH_USER_PATHS = NO;
				CLANG_ANALYZER_NONNULL = YES;
				CLANG_ANALYZER_NUMBER_OBJECT_CONVERSION = YES_AGGRESSIVE;
				CLANG_CXX_LANGUAGE_STANDARD = "gnu++14";
				CLANG_CXX_LIBRARY = "libc++";
				CLANG_ENABLE_MODULES = YES;
				CLANG_ENABLE_OBJC_ARC = YES;
				CLANG_ENABLE_OBJC_WEAK = YES;
				CLANG_WARN_BLOCK_CAPTURE_AUTORELEASING = YES;
				CLANG_WARN_BOOL_CONVERSION = YES;
				CLANG_WARN_COMMA = YES;
				CLANG_WARN_CONSTANT_CONVERSION = YES;
				CLANG_WARN_DEPRECATED_OBJC_IMPLEMENTATIONS = YES;
				CLANG_WARN_DIRECT_OBJC_ISA_USAGE = YES_ERROR;
				CLANG_WARN_DOCUMENTATION_COMMENTS = YES;
				CLANG_WARN_EMPTY_BODY = YES;
				CLANG_WARN_ENUM_CONVERSION = YES;
				CLANG_WARN_INFINITE_RECURSION = YES;
				CLANG_WARN_INT_CONVERSION = YES;
				CLANG_WARN_NON_LITERAL_NULL_CONVERSION = YES;
				CLANG_WARN_OBJC_IMPLICIT_RETAIN_SELF = YES;
				CLANG_WARN_OBJC_LITERAL_CONVERSION = YES;
				CLANG_WARN_OBJC_ROOT_CLASS = YES_ERROR;
				CLANG_WARN_QUOTED_INCLUDE_IN_FRAMEWORK_HEADER = YES;
				CLANG_WARN_RANGE_LOOP_ANALYSIS = YES;
				CLANG_WARN_STRICT_PROTOTYPES = YES;
				CLANG_WARN_SUSPICIOUS_MOVE = YES;
				CLANG_WARN_UNGUARDED_AVAILABILITY = YES_AGGRESSIVE;
				CLANG_WARN_UNREACHABLE_CODE = YES;
				CLANG_WARN__DUPLICATE_METHOD_MATCH = YES;
				COPY_PHASE_STRIP = NO;
				DEBUG_INFORMATION_FORMAT = "dwarf-with-dsym";
				ENABLE_NS_ASSERTIONS = NO;
				ENABLE_STRICT_OBJC_MSGSEND = YES;
				GCC_C_LANGUAGE_STANDARD = gnu11;
				GCC_NO_COMMON_BLOCKS = YES;
				GCC_WARN_64_TO_32_BIT_CONVERSION = YES;
				GCC_WARN_ABOUT_RETURN_TYPE = YES_ERROR;
				GCC_WARN_UNDECLARED_SELECTOR = YES;
				GCC_WARN_UNINITIALIZED_AUTOS = YES_AGGRESSIVE;
				GCC_WARN_UNUSED_FUNCTION = YES;
				GCC_WARN_UNUSED_VARIABLE = YES;
				IPHONEOS_DEPLOYMENT_TARGET = 14.0;
				MTL_ENABLE_DEBUG_INFO = NO;
				MTL_FAST_MATH = YES;
				SDKROOT = iphoneos;
				SWIFT_COMPILATION_MODE = wholemodule;
				SWIFT_OPTIMIZATION_LEVEL = "-O";
				VALIDATE_PRODUCT = YES;
			};
			name = Release;
		};
		32E3F5B624C2CC6800D7A029 /* Debug */ = {
			isa = XCBuildConfiguration;
			buildSettings = {
				ASSETCATALOG_COMPILER_APPICON_NAME = AppIcon;
				ASSETCATALOG_COMPILER_GLOBAL_ACCENT_COLOR_NAME = AccentColor;
				CODE_SIGN_STYLE = Automatic;
				INFOPLIST_FILE = Demo3/Info.plist;
				LD_RUNPATH_SEARCH_PATHS = (
					"$(inherited)",
					"@executable_path/Frameworks",
				);
				PRODUCT_BUNDLE_IDENTIFIER = chloe.Demo3;
				PRODUCT_NAME = "$(TARGET_NAME)";
				SWIFT_VERSION = 5.0;
				TARGETED_DEVICE_FAMILY = "1,2";
			};
			name = Debug;
		};
		32E3F5B724C2CC6800D7A029 /* Release */ = {
			isa = XCBuildConfiguration;
			buildSettings = {
				ASSETCATALOG_COMPILER_APPICON_NAME = AppIcon;
				ASSETCATALOG_COMPILER_GLOBAL_ACCENT_COLOR_NAME = AccentColor;
				CODE_SIGN_STYLE = Automatic;
				INFOPLIST_FILE = Demo3/Info.plist;
				LD_RUNPATH_SEARCH_PATHS = (
					"$(inherited)",
					"@executable_path/Frameworks",
				);
				PRODUCT_BUNDLE_IDENTIFIER = chloe.Demo3;
				PRODUCT_NAME = "$(TARGET_NAME)";
				SWIFT_VERSION = 5.0;
				TARGETED_DEVICE_FAMILY = "1,2";
			};
			name = Release;
		};
		32E3F5B924C2CC6800D7A029 /* Debug */ = {
			isa = XCBuildConfiguration;
			buildSettings = {
				ALWAYS_EMBED_SWIFT_STANDARD_LIBRARIES = YES;
				BUNDLE_LOADER = "$(TEST_HOST)";
				CODE_SIGN_STYLE = Automatic;
				INFOPLIST_FILE = Demo3Tests/Info.plist;
				IPHONEOS_DEPLOYMENT_TARGET = 14.0;
				LD_RUNPATH_SEARCH_PATHS = (
					"$(inherited)",
					"@executable_path/Frameworks",
					"@loader_path/Frameworks",
				);
				PRODUCT_BUNDLE_IDENTIFIER = chloe.Demo3Tests;
				PRODUCT_NAME = "$(TARGET_NAME)";
				SWIFT_VERSION = 5.0;
				TARGETED_DEVICE_FAMILY = "1,2";
				TEST_HOST = "$(BUILT_PRODUCTS_DIR)/Demo3.app/Demo3";
			};
			name = Debug;
		};
		32E3F5BA24C2CC6800D7A029 /* Release */ = {
			isa = XCBuildConfiguration;
			buildSettings = {
				ALWAYS_EMBED_SWIFT_STANDARD_LIBRARIES = YES;
				BUNDLE_LOADER = "$(TEST_HOST)";
				CODE_SIGN_STYLE = Automatic;
				INFOPLIST_FILE = Demo3Tests/Info.plist;
				IPHONEOS_DEPLOYMENT_TARGET = 14.0;
				LD_RUNPATH_SEARCH_PATHS = (
					"$(inherited)",
					"@executable_path/Frameworks",
					"@loader_path/Frameworks",
				);
				PRODUCT_BUNDLE_IDENTIFIER = chloe.Demo3Tests;
				PRODUCT_NAME = "$(TARGET_NAME)";
				SWIFT_VERSION = 5.0;
				TARGETED_DEVICE_FAMILY = "1,2";
				TEST_HOST = "$(BUILT_PRODUCTS_DIR)/Demo3.app/Demo3";
			};
			name = Release;
		};
		32E3F5BC24C2CC6800D7A029 /* Debug */ = {
			isa = XCBuildConfiguration;
			buildSettings = {
				ALWAYS_EMBED_SWIFT_STANDARD_LIBRARIES = YES;
				CODE_SIGN_STYLE = Automatic;
				INFOPLIST_FILE = Demo3UITests/Info.plist;
				LD_RUNPATH_SEARCH_PATHS = (
					"$(inherited)",
					"@executable_path/Frameworks",
					"@loader_path/Frameworks",
				);
				PRODUCT_BUNDLE_IDENTIFIER = chloe.Demo3UITests;
				PRODUCT_NAME = "$(TARGET_NAME)";
				SWIFT_VERSION = 5.0;
				TARGETED_DEVICE_FAMILY = "1,2";
				TEST_TARGET_NAME = Demo3;
			};
			name = Debug;
		};
		32E3F5BD24C2CC6800D7A029 /* Release */ = {
			isa = XCBuildConfiguration;
			buildSettings = {
				ALWAYS_EMBED_SWIFT_STANDARD_LIBRARIES = YES;
				CODE_SIGN_STYLE = Automatic;
				INFOPLIST_FILE = Demo3UITests/Info.plist;
				LD_RUNPATH_SEARCH_PATHS = (
					"$(inherited)",
					"@executable_path/Frameworks",
					"@loader_path/Frameworks",
				);
				PRODUCT_BUNDLE_IDENTIFIER = chloe.Demo3UITests;
				PRODUCT_NAME = "$(TARGET_NAME)";
				SWIFT_VERSION = 5.0;
				TARGETED_DEVICE_FAMILY = "1,2";
				TEST_TARGET_NAME = Demo3;
			};
			name = Release;
		};
/* End XCBuildConfiguration section */

/* Begin XCConfigurationList section */
		32E3F58624C2CC6100D7A029 /* Build configuration list for PBXProject "Demo3" */ = {
			isa = XCConfigurationList;
			buildConfigurations = (
				32E3F5B324C2CC6800D7A029 /* Debug */,
				32E3F5B424C2CC6800D7A029 /* Release */,
			);
			defaultConfigurationIsVisible = 0;
			defaultConfigurationName = Release;
		};
		32E3F5B524C2CC6800D7A029 /* Build configuration list for PBXNativeTarget "Demo3" */ = {
			isa = XCConfigurationList;
			buildConfigurations = (
				32E3F5B624C2CC6800D7A029 /* Debug */,
				32E3F5B724C2CC6800D7A029 /* Release */,
			);
			defaultConfigurationIsVisible = 0;
			defaultConfigurationName = Release;
		};
		32E3F5B824C2CC6800D7A029 /* Build configuration list for PBXNativeTarget "Demo3Tests" */ = {
			isa = XCConfigurationList;
			buildConfigurations = (
				32E3F5B924C2CC6800D7A029 /* Debug */,
				32E3F5BA24C2CC6800D7A029 /* Release */,
			);
			defaultConfigurationIsVisible = 0;
			defaultConfigurationName = Release;
		};
		32E3F5BB24C2CC6800D7A029 /* Build configuration list for PBXNativeTarget "Demo3UITests" */ = {
			isa = XCConfigurationList;
			buildConfigurations = (
				32E3F5BC24C2CC6800D7A029 /* Debug */,
				32E3F5BD24C2CC6800D7A029 /* Release */,
			);
			defaultConfigurationIsVisible = 0;
			defaultConfigurationName = Release;
		};
/* End XCConfigurationList section */
	};
	rootObject = 32E3F58324C2CC6100D7A029 /* Project object */;
}
